FORGE
  remote: http://forge.puppetlabs.com
  specs:
    hunner/wordpress (0.6.0)
      puppetlabs/concat (>= 1.0.0)
      puppetlabs/mysql (>= 2.1.0)
      puppetlabs/stdlib (>= 2.3.1)
    jfryman/nginx (0.0.7)
      puppetlabs/apt (>= 1.0.0)
      puppetlabs/concat (>= 1.0.0)
      puppetlabs/stdlib (>= 0.1.6)
    nodes/php (0.8.0)
      puppetlabs/apt (> 0.0.0)
      puppetlabs/stdlib (> 0.0.0)
    puppetlabs/apt (1.4.1)
      puppetlabs/stdlib (>= 2.2.1)
    puppetlabs/concat (1.1.0-rc1)
      puppetlabs/stdlib (>= 3.0.0)
    puppetlabs/mysql (2.2.1)
      puppetlabs/stdlib (>= 3.2.0)
    puppetlabs/stdlib (4.1.0)

GIT
  remote: github.com:schkovich/webserver.git
  ref: master
  sha: 11afe1c0e3e85823ddda0b044c1dbc8b04b07cd4
  specs:
    web_server (0.1.1)
      jfryman/nginx (>= 0.0.7)
      nodes/php (>= 0.8.0)

DEPENDENCIES
  hunner/wordpress (>= 0)
  web_server (>= 0)

